
Microsoft Visual Studio Solution File, Format Version 12.00
# Visual Studio Version 16
VisualStudioVersion = 16.0.31321.278
MinimumVisualStudioVersion = 10.0.40219.1
Project("{2150E333-8FDC-42A3-9474-1A3956D46DE8}") = "Services", "Services", "{44C03DE2-7FF1-4AC8-9DB7-18021E103ABD}"
EndProject
Project("{2150E333-8FDC-42A3-9474-1A3956D46DE8}") = "Catalog", "Catalog", "{93F468A4-24DF-452B-886B-6DA9865918DE}"
EndProject
Project("{9A19103F-16F7-4668-BE54-9A1E7A4F7556}") = "Catalog.API", "Services\Catalog\Catalog.API\Catalog.API.csproj", "{7CAAF00C-1ED2-4558-A6AA-BFF370056912}"
EndProject
Project("{E53339B2-1760-4266-BCC7-CA923CBCF16C}") = "docker-compose", "docker-compose.dcproj", "{D8D5BF93-3BD2-45F2-934D-61838CD1811C}"
EndProject
Project("{2150E333-8FDC-42A3-9474-1A3956D46DE8}") = "Basket", "Basket", "{5645B62D-821B-4B6C-A3D3-E5170C7A8495}"
EndProject
Project("{9A19103F-16F7-4668-BE54-9A1E7A4F7556}") = "Basket.API", "Services\Basket\Basket.API\Basket.API.csproj", "{3EED26CD-13CB-4E61-AD97-351C43CF5A21}"
EndProject
Project("{2150E333-8FDC-42A3-9474-1A3956D46DE8}") = "Discount", "Discount", "{B8C4F243-9A2C-4187-B7D8-F2D99DF6B7A5}"
EndProject
Project("{9A19103F-16F7-4668-BE54-9A1E7A4F7556}") = "Discount.API", "Services\Discount\Discount.API\Discount.API.csproj", "{26C8FE52-F884-46A6-96AF-290C53FFA6C2}"
EndProject
Project("{9A19103F-16F7-4668-BE54-9A1E7A4F7556}") = "Discount.Grpc", "Services\Discount\Discount.Grpc\Discount.Grpc.csproj", "{3E771679-DAA4-4E37-9EAD-F657A5E3A732}"
EndProject
Project("{2150E333-8FDC-42A3-9474-1A3956D46DE8}") = "Ordering", "Ordering", "{345197EE-1FAD-469D-A791-90FCCFDB0395}"
EndProject
Project("{9A19103F-16F7-4668-BE54-9A1E7A4F7556}") = "Ordering.API", "Services\Ordering\Ordering.API\Ordering.API.csproj", "{810A5914-6029-49A1-8D94-92BDC9C555C7}"
EndProject
Project("{9A19103F-16F7-4668-BE54-9A1E7A4F7556}") = "Ordering.Domain", "Services\Ordering\Ordering.Domain\Ordering.Domain.csproj", "{78FCCD17-08DE-47C8-A7BA-28A425C9AC09}"
EndProject
Project("{9A19103F-16F7-4668-BE54-9A1E7A4F7556}") = "Ordering.Application", "Services\Ordering\Ordering.Application\Ordering.Application.csproj", "{4AF31F89-9533-41E4-9FC5-3201EF7810C3}"
EndProject
Project("{9A19103F-16F7-4668-BE54-9A1E7A4F7556}") = "Ordering.Infrastructure", "Services\Ordering\Ordering.Infrastructure\Ordering.Infrastructure.csproj", "{138AC921-1BA1-4406-9C6C-29BB67B9F4BD}"
EndProject
Project("{2150E333-8FDC-42A3-9474-1A3956D46DE8}") = "BuildingBlocks", "BuildingBlocks", "{73D76588-B915-4D81-8EA0-EEF3F4C8495E}"
EndProject
Project("{9A19103F-16F7-4668-BE54-9A1E7A4F7556}") = "EventBus.Messages", "BuildingBlocks\EventBus.Messages\EventBus.Messages.csproj", "{11367A67-9CE9-4F22-BEA8-F179281494A2}"
EndProject
Project("{2150E333-8FDC-42A3-9474-1A3956D46DE8}") = "ApiGateways", "ApiGateways", "{C2E3F610-86C0-4A13-922E-CBD1AF078877}"
EndProject
Project("{FAE04EC0-301F-11D3-BF4B-00C04F79EFBC}") = "OcelotApiGw", "ApiGateways\OcelotApiGw\OcelotApiGw.csproj", "{948E4531-3B4D-49A3-8E09-B672CA3E3264}"
EndProject
Global
	GlobalSection(SolutionConfigurationPlatforms) = preSolution
		Debug|Any CPU = Debug|Any CPU
		Release|Any CPU = Release|Any CPU
	EndGlobalSection
	GlobalSection(ProjectConfigurationPlatforms) = postSolution
		{7CAAF00C-1ED2-4558-A6AA-BFF370056912}.Debug|Any CPU.ActiveCfg = Debug|Any CPU
		{7CAAF00C-1ED2-4558-A6AA-BFF370056912}.Debug|Any CPU.Build.0 = Debug|Any CPU
		{7CAAF00C-1ED2-4558-A6AA-BFF370056912}.Release|Any CPU.ActiveCfg = Release|Any CPU
		{7CAAF00C-1ED2-4558-A6AA-BFF370056912}.Release|Any CPU.Build.0 = Release|Any CPU
		{D8D5BF93-3BD2-45F2-934D-61838CD1811C}.Debug|Any CPU.ActiveCfg = Debug|Any CPU
		{D8D5BF93-3BD2-45F2-934D-61838CD1811C}.Debug|Any CPU.Build.0 = Debug|Any CPU
		{D8D5BF93-3BD2-45F2-934D-61838CD1811C}.Release|Any CPU.ActiveCfg = Release|Any CPU
		{D8D5BF93-3BD2-45F2-934D-61838CD1811C}.Release|Any CPU.Build.0 = Release|Any CPU
		{3EED26CD-13CB-4E61-AD97-351C43CF5A21}.Debug|Any CPU.ActiveCfg = Debug|Any CPU
		{3EED26CD-13CB-4E61-AD97-351C43CF5A21}.Debug|Any CPU.Build.0 = Debug|Any CPU
		{3EED26CD-13CB-4E61-AD97-351C43CF5A21}.Release|Any CPU.ActiveCfg = Release|Any CPU
		{3EED26CD-13CB-4E61-AD97-351C43CF5A21}.Release|Any CPU.Build.0 = Release|Any CPU
		{26C8FE52-F884-46A6-96AF-290C53FFA6C2}.Debug|Any CPU.ActiveCfg = Debug|Any CPU
		{26C8FE52-F884-46A6-96AF-290C53FFA6C2}.Debug|Any CPU.Build.0 = Debug|Any CPU
		{26C8FE52-F884-46A6-96AF-290C53FFA6C2}.Release|Any CPU.ActiveCfg = Release|Any CPU
		{26C8FE52-F884-46A6-96AF-290C53FFA6C2}.Release|Any CPU.Build.0 = Release|Any CPU
		{3E771679-DAA4-4E37-9EAD-F657A5E3A732}.Debug|Any CPU.ActiveCfg = Debug|Any CPU
		{3E771679-DAA4-4E37-9EAD-F657A5E3A732}.Debug|Any CPU.Build.0 = Debug|Any CPU
		{3E771679-DAA4-4E37-9EAD-F657A5E3A732}.Release|Any CPU.ActiveCfg = Release|Any CPU
		{3E771679-DAA4-4E37-9EAD-F657A5E3A732}.Release|Any CPU.Build.0 = Release|Any CPU
		{810A5914-6029-49A1-8D94-92BDC9C555C7}.Debug|Any CPU.ActiveCfg = Debug|Any CPU
		{810A5914-6029-49A1-8D94-92BDC9C555C7}.Debug|Any CPU.Build.0 = Debug|Any CPU
		{810A5914-6029-49A1-8D94-92BDC9C555C7}.Release|Any CPU.ActiveCfg = Release|Any CPU
		{810A5914-6029-49A1-8D94-92BDC9C555C7}.Release|Any CPU.Build.0 = Release|Any CPU
		{78FCCD17-08DE-47C8-A7BA-28A425C9AC09}.Debug|Any CPU.ActiveCfg = Debug|Any CPU
		{78FCCD17-08DE-47C8-A7BA-28A425C9AC09}.Debug|Any CPU.Build.0 = Debug|Any CPU
		{78FCCD17-08DE-47C8-A7BA-28A425C9AC09}.Release|Any CPU.ActiveCfg = Release|Any CPU
		{78FCCD17-08DE-47C8-A7BA-28A425C9AC09}.Release|Any CPU.Build.0 = Release|Any CPU
		{4AF31F89-9533-41E4-9FC5-3201EF7810C3}.Debug|Any CPU.ActiveCfg = Debug|Any CPU
		{4AF31F89-9533-41E4-9FC5-3201EF7810C3}.Debug|Any CPU.Build.0 = Debug|Any CPU
		{4AF31F89-9533-41E4-9FC5-3201EF7810C3}.Release|Any CPU.ActiveCfg = Release|Any CPU
		{4AF31F89-9533-41E4-9FC5-3201EF7810C3}.Release|Any CPU.Build.0 = Release|Any CPU
		{138AC921-1BA1-4406-9C6C-29BB67B9F4BD}.Debug|Any CPU.ActiveCfg = Debug|Any CPU
		{138AC921-1BA1-4406-9C6C-29BB67B9F4BD}.Debug|Any CPU.Build.0 = Debug|Any CPU
		{138AC921-1BA1-4406-9C6C-29BB67B9F4BD}.Release|Any CPU.ActiveCfg = Release|Any CPU
		{138AC921-1BA1-4406-9C6C-29BB67B9F4BD}.Release|Any CPU.Build.0 = Release|Any CPU
		{11367A67-9CE9-4F22-BEA8-F179281494A2}.Debug|Any CPU.ActiveCfg = Debug|Any CPU
		{11367A67-9CE9-4F22-BEA8-F179281494A2}.Debug|Any CPU.Build.0 = Debug|Any CPU
		{11367A67-9CE9-4F22-BEA8-F179281494A2}.Release|Any CPU.ActiveCfg = Release|Any CPU
		{11367A67-9CE9-4F22-BEA8-F179281494A2}.Release|Any CPU.Build.0 = Release|Any CPU
		{948E4531-3B4D-49A3-8E09-B672CA3E3264}.Debug|Any CPU.ActiveCfg = Debug|Any CPU
		{948E4531-3B4D-49A3-8E09-B672CA3E3264}.Debug|Any CPU.Build.0 = Debug|Any CPU
		{948E4531-3B4D-49A3-8E09-B672CA3E3264}.Release|Any CPU.ActiveCfg = Release|Any CPU
		{948E4531-3B4D-49A3-8E09-B672CA3E3264}.Release|Any CPU.Build.0 = Release|Any CPU
	EndGlobalSection
	GlobalSection(SolutionProperties) = preSolution
		HideSolutionNode = FALSE
	EndGlobalSection
	GlobalSection(NestedProjects) = preSolution
		{93F468A4-24DF-452B-886B-6DA9865918DE} = {44C03DE2-7FF1-4AC8-9DB7-18021E103ABD}
		{7CAAF00C-1ED2-4558-A6AA-BFF370056912} = {93F468A4-24DF-452B-886B-6DA9865918DE}
		{5645B62D-821B-4B6C-A3D3-E5170C7A8495} = {44C03DE2-7FF1-4AC8-9DB7-18021E103ABD}
		{3EED26CD-13CB-4E61-AD97-351C43CF5A21} = {5645B62D-821B-4B6C-A3D3-E5170C7A8495}
		{B8C4F243-9A2C-4187-B7D8-F2D99DF6B7A5} = {44C03DE2-7FF1-4AC8-9DB7-18021E103ABD}
		{26C8FE52-F884-46A6-96AF-290C53FFA6C2} = {B8C4F243-9A2C-4187-B7D8-F2D99DF6B7A5}
		{3E771679-DAA4-4E37-9EAD-F657A5E3A732} = {B8C4F243-9A2C-4187-B7D8-F2D99DF6B7A5}
		{345197EE-1FAD-469D-A791-90FCCFDB0395} = {44C03DE2-7FF1-4AC8-9DB7-18021E103ABD}
		{810A5914-6029-49A1-8D94-92BDC9C555C7} = {345197EE-1FAD-469D-A791-90FCCFDB0395}
		{78FCCD17-08DE-47C8-A7BA-28A425C9AC09} = {345197EE-1FAD-469D-A791-90FCCFDB0395}
		{4AF31F89-9533-41E4-9FC5-3201EF7810C3} = {345197EE-1FAD-469D-A791-90FCCFDB0395}
		{138AC921-1BA1-4406-9C6C-29BB67B9F4BD} = {345197EE-1FAD-469D-A791-90FCCFDB0395}
		{11367A67-9CE9-4F22-BEA8-F179281494A2} = {73D76588-B915-4D81-8EA0-EEF3F4C8495E}
		{948E4531-3B4D-49A3-8E09-B672CA3E3264} = {C2E3F610-86C0-4A13-922E-CBD1AF078877}
	EndGlobalSection
	GlobalSection(ExtensibilityGlobals) = postSolution
		SolutionGuid = {AEF8F245-9E35-48A2-BEC5-8B7E9FBCC768}
	EndGlobalSection
EndGlobal
