
Microsoft Visual Studio Solution File, Format Version 12.00
# Visual Studio Version 16
VisualStudioVersion = 16.0.31321.278
MinimumVisualStudioVersion = 10.0.40219.1
Project("{2150E333-8FDC-42A3-9474-1A3956D46DE8}") = "Services", "Services", "{44C03DE2-7FF1-4AC8-9DB7-18021E103ABD}"
EndProject
Project("{2150E333-8FDC-42A3-9474-1A3956D46DE8}") = "Catalog", "Catalog", "{93F468A4-24DF-452B-886B-6DA9865918DE}"
EndProject
Project("{FAE04EC0-301F-11D3-BF4B-00C04F79EFBC}") = "Catalog.API", "Services\Catalog\Catalog.API\Catalog.API.csproj", "{7CAAF00C-1ED2-4558-A6AA-BFF370056912}"
EndProject
Project("{E53339B2-1760-4266-BCC7-CA923CBCF16C}") = "docker-compose", "docker-compose.dcproj", "{D8D5BF93-3BD2-45F2-934D-61838CD1811C}"
EndProject
Global
	GlobalSection(SolutionConfigurationPlatforms) = preSolution
		Debug|Any CPU = Debug|Any CPU
		Release|Any CPU = Release|Any CPU
	EndGlobalSection
	GlobalSection(ProjectConfigurationPlatforms) = postSolution
		{7CAAF00C-1ED2-4558-A6AA-BFF370056912}.Debug|Any CPU.ActiveCfg = Debug|Any CPU
		{7CAAF00C-1ED2-4558-A6AA-BFF370056912}.Debug|Any CPU.Build.0 = Debug|Any CPU
		{7CAAF00C-1ED2-4558-A6AA-BFF370056912}.Release|Any CPU.ActiveCfg = Release|Any CPU
		{7CAAF00C-1ED2-4558-A6AA-BFF370056912}.Release|Any CPU.Build.0 = Release|Any CPU
		{D8D5BF93-3BD2-45F2-934D-61838CD1811C}.Debug|Any CPU.ActiveCfg = Debug|Any CPU
		{D8D5BF93-3BD2-45F2-934D-61838CD1811C}.Debug|Any CPU.Build.0 = Debug|Any CPU
		{D8D5BF93-3BD2-45F2-934D-61838CD1811C}.Release|Any CPU.ActiveCfg = Release|Any CPU
		{D8D5BF93-3BD2-45F2-934D-61838CD1811C}.Release|Any CPU.Build.0 = Release|Any CPU
	EndGlobalSection
	GlobalSection(SolutionProperties) = preSolution
		HideSolutionNode = FALSE
	EndGlobalSection
	GlobalSection(NestedProjects) = preSolution
		{93F468A4-24DF-452B-886B-6DA9865918DE} = {44C03DE2-7FF1-4AC8-9DB7-18021E103ABD}
		{7CAAF00C-1ED2-4558-A6AA-BFF370056912} = {93F468A4-24DF-452B-886B-6DA9865918DE}
	EndGlobalSection
	GlobalSection(ExtensibilityGlobals) = postSolution
		SolutionGuid = {AEF8F245-9E35-48A2-BEC5-8B7E9FBCC768}
	EndGlobalSection
EndGlobal
